// !$*UTF8*$!
{
	archiveVersion = 1;
	classes = {
	};
	objectVersion = 56;
	objects = {

/* Begin PBXBuildFile section */
		19CEDA1228F0B3CB0004CFD4 /* main.cpp in Sources */ = {isa = PBXBuildFile; fileRef = 19CEDA1128F0B3CB0004CFD4 /* main.cpp */; };
		19CEDA2228F0B97B0004CFD4 /* dataManager.cpp in Sources */ = {isa = PBXBuildFile; fileRef = 19CEDA1828F0B97A0004CFD4 /* dataManager.cpp */; };
		19CEDA2328F0B97B0004CFD4 /* lecturetime.cpp in Sources */ = {isa = PBXBuildFile; fileRef = 19CEDA1B28F0B97B0004CFD4 /* lecturetime.cpp */; };
		19CEDA2428F0B97B0004CFD4 /* student.cpp in Sources */ = {isa = PBXBuildFile; fileRef = 19CEDA1E28F0B97B0004CFD4 /* student.cpp */; };
		19CEDA2528F0B97B0004CFD4 /* course.cpp in Sources */ = {isa = PBXBuildFile; fileRef = 19CEDA2028F0B97B0004CFD4 /* course.cpp */; };
		19CEDA2628F0B97B0004CFD4 /* CourseRegistration.cpp in Sources */ = {isa = PBXBuildFile; fileRef = 19CEDA2128F0B97B0004CFD4 /* CourseRegistration.cpp */; };
/* End PBXBuildFile section */

/* Begin PBXCopyFilesBuildPhase section */
		19CEDA0C28F0B3CB0004CFD4 /* CopyFiles */ = {
			isa = PBXCopyFilesBuildPhase;
			buildActionMask = 2147483647;
			dstPath = /usr/share/man/man1/;
			dstSubfolderSpec = 0;
			files = (
			);
			runOnlyForDeploymentPostprocessing = 1;
		};
/* End PBXCopyFilesBuildPhase section */

/* Begin PBXFileReference section */
		19CEDA0E28F0B3CB0004CFD4 /* Assignment 2 peno */ = {isa = PBXFileReference; explicitFileType = "compiled.mach-o.executable"; includeInIndex = 0; path = "Assignment 2 peno"; sourceTree = BUILT_PRODUCTS_DIR; };
		19CEDA1128F0B3CB0004CFD4 /* main.cpp */ = {isa = PBXFileReference; lastKnownFileType = sourcecode.cpp.cpp; path = main.cpp; sourceTree = "<group>"; };
		19CEDA1828F0B97A0004CFD4 /* dataManager.cpp */ = {isa = PBXFileReference; fileEncoding = 4; lastKnownFileType = sourcecode.cpp.cpp; path = dataManager.cpp; sourceTree = "<group>"; };
		19CEDA1928F0B97A0004CFD4 /* CourseRegistration.h */ = {isa = PBXFileReference; fileEncoding = 4; lastKnownFileType = sourcecode.c.h; path = CourseRegistration.h; sourceTree = "<group>"; };
		19CEDA1A28F0B97B0004CFD4 /* student.h */ = {isa = PBXFileReference; fileEncoding = 4; lastKnownFileType = sourcecode.c.h; path = student.h; sourceTree = "<group>"; };
		19CEDA1B28F0B97B0004CFD4 /* lecturetime.cpp */ = {isa = PBXFileReference; fileEncoding = 4; lastKnownFileType = sourcecode.cpp.cpp; path = lecturetime.cpp; sourceTree = "<group>"; };
		19CEDA1C28F0B97B0004CFD4 /* dataManager.h */ = {isa = PBXFileReference; fileEncoding = 4; lastKnownFileType = sourcecode.c.h; path = dataManager.h; sourceTree = "<group>"; };
		19CEDA1D28F0B97B0004CFD4 /* lecturetime.h */ = {isa = PBXFileReference; fileEncoding = 4; lastKnownFileType = sourcecode.c.h; path = lecturetime.h; sourceTree = "<group>"; };
		19CEDA1E28F0B97B0004CFD4 /* student.cpp */ = {isa = PBXFileReference; fileEncoding = 4; lastKnownFileType = sourcecode.cpp.cpp; path = student.cpp; sourceTree = "<group>"; };
		19CEDA1F28F0B97B0004CFD4 /* course.h */ = {isa = PBXFileReference; fileEncoding = 4; lastKnownFileType = sourcecode.c.h; path = course.h; sourceTree = "<group>"; };
		19CEDA2028F0B97B0004CFD4 /* course.cpp */ = {isa = PBXFileReference; fileEncoding = 4; lastKnownFileType = sourcecode.cpp.cpp; path = course.cpp; sourceTree = "<group>"; };
		19CEDA2128F0B97B0004CFD4 /* CourseRegistration.cpp */ = {isa = PBXFileReference; fileEncoding = 4; lastKnownFileType = sourcecode.cpp.cpp; path = CourseRegistration.cpp; sourceTree = "<group>"; };
/* End PBXFileReference section */

/* Begin PBXFrameworksBuildPhase section */
		19CEDA0B28F0B3CB0004CFD4 /* Frameworks */ = {
			isa = PBXFrameworksBuildPhase;
			buildActionMask = 2147483647;
			files = (
			);
			runOnlyForDeploymentPostprocessing = 0;
		};
/* End PBXFrameworksBuildPhase section */

/* Begin PBXGroup section */
		19CEDA0528F0B3CB0004CFD4 = {
			isa = PBXGroup;
			children = (
				19CEDA1028F0B3CB0004CFD4 /* Assignment 2 peno */,
				19CEDA0F28F0B3CB0004CFD4 /* Products */,
			);
			sourceTree = "<group>";
		};
		19CEDA0F28F0B3CB0004CFD4 /* Products */ = {
			isa = PBXGroup;
			children = (
				19CEDA0E28F0B3CB0004CFD4 /* Assignment 2 peno */,
			);
			name = Products;
			sourceTree = "<group>";
		};
		19CEDA1028F0B3CB0004CFD4 /* Assignment 2 peno */ = {
			isa = PBXGroup;
			children = (
				19CEDA1128F0B3CB0004CFD4 /* main.cpp */,
				19CEDA1D28F0B97B0004CFD4 /* lecturetime.h */,
				19CEDA1B28F0B97B0004CFD4 /* lecturetime.cpp */,
				19CEDA2028F0B97B0004CFD4 /* course.cpp */,
				19CEDA1F28F0B97B0004CFD4 /* course.h */,
				19CEDA2128F0B97B0004CFD4 /* CourseRegistration.cpp */,
				19CEDA1928F0B97A0004CFD4 /* CourseRegistration.h */,
				19CEDA1828F0B97A0004CFD4 /* dataManager.cpp */,
				19CEDA1C28F0B97B0004CFD4 /* dataManager.h */,
				19CEDA1E28F0B97B0004CFD4 /* student.cpp */,
				19CEDA1A28F0B97B0004CFD4 /* student.h */,
			);
			path = "Assignment 2 peno";
			sourceTree = "<group>";
		};
/* End PBXGroup section */

/* Begin PBXNativeTarget section */
		19CEDA0D28F0B3CB0004CFD4 /* Assignment 2 peno */ = {
			isa = PBXNativeTarget;
			buildConfigurationList = 19CEDA1528F0B3CB0004CFD4 /* Build configuration list for PBXNativeTarget "Assignment 2 peno" */;
			buildPhases = (
				19CEDA0A28F0B3CB0004CFD4 /* Sources */,
				19CEDA0B28F0B3CB0004CFD4 /* Frameworks */,
				19CEDA0C28F0B3CB0004CFD4 /* CopyFiles */,
			);
			buildRules = (
			);
			dependencies = (
			);
			name = "Assignment 2 peno";
			productName = "Assignment 2 peno";
			productReference = 19CEDA0E28F0B3CB0004CFD4 /* Assignment 2 peno */;
			productType = "com.apple.product-type.tool";
		};
/* End PBXNativeTarget section */

/* Begin PBXProject section */
		19CEDA0628F0B3CB0004CFD4 /* Project object */ = {
			isa = PBXProject;
			attributes = {
				BuildIndependentTargetsInParallel = 1;
				LastUpgradeCheck = 1400;
				TargetAttributes = {
					19CEDA0D28F0B3CB0004CFD4 = {
						CreatedOnToolsVersion = 14.0.1;
					};
				};
			};
			buildConfigurationList = 19CEDA0928F0B3CB0004CFD4 /* Build configuration list for PBXProject "Assignment 2 peno" */;
			compatibilityVersion = "Xcode 14.0";
			developmentRegion = en;
			hasScannedForEncodings = 0;
			knownRegions = (
				en,
				Base,
			);
			mainGroup = 19CEDA0528F0B3CB0004CFD4;
			productRefGroup = 19CEDA0F28F0B3CB0004CFD4 /* Products */;
			projectDirPath = "";
			projectRoot = "";
			targets = (
				19CEDA0D28F0B3CB0004CFD4 /* Assignment 2 peno */,
			);
		};
/* End PBXProject section */

/* Begin PBXSourcesBuildPhase section */
		19CEDA0A28F0B3CB0004CFD4 /* Sources */ = {
			isa = PBXSourcesBuildPhase;
			buildActionMask = 2147483647;
			files = (
				19CEDA1228F0B3CB0004CFD4 /* main.cpp in Sources */,
				19CEDA2328F0B97B0004CFD4 /* lecturetime.cpp in Sources */,
				19CEDA2228F0B97B0004CFD4 /* dataManager.cpp in Sources */,
				19CEDA2428F0B97B0004CFD4 /* student.cpp in Sources */,
				19CEDA2528F0B97B0004CFD4 /* course.cpp in Sources */,
				19CEDA2628F0B97B0004CFD4 /* CourseRegistration.cpp in Sources */,
			);
			runOnlyForDeploymentPostprocessing = 0;
		};
/* End PBXSourcesBuildPhase section */

/* Begin XCBuildConfiguration section */
		19CEDA1328F0B3CB0004CFD4 /* Debug */ = {
			isa = XCBuildConfiguration;
			buildSettings = {
				ALWAYS_SEARCH_USER_PATHS = NO;
				CLANG_ANALYZER_NONNULL = YES;
				CLANG_ANALYZER_NUMBER_OBJECT_CONVERSION = YES_AGGRESSIVE;
				CLANG_CXX_LANGUAGE_STANDARD = "gnu++20";
				CLANG_ENABLE_MODULES = YES;
				CLANG_ENABLE_OBJC_ARC = YES;
				CLANG_ENABLE_OBJC_WEAK = YES;
				CLANG_WARN_BLOCK_CAPTURE_AUTORELEASING = YES;
				CLANG_WARN_BOOL_CONVERSION = YES;
				CLANG_WARN_COMMA = YES;
				CLANG_WARN_CONSTANT_CONVERSION = YES;
				CLANG_WARN_DEPRECATED_OBJC_IMPLEMENTATIONS = YES;
				CLANG_WARN_DIRECT_OBJC_ISA_USAGE = YES_ERROR;
				CLANG_WARN_DOCUMENTATION_COMMENTS = YES;
				CLANG_WARN_EMPTY_BODY = YES;
				CLANG_WARN_ENUM_CONVERSION = YES;
				CLANG_WARN_INFINITE_RECURSION = YES;
				CLANG_WARN_INT_CONVERSION = YES;
				CLANG_WARN_NON_LITERAL_NULL_CONVERSION = YES;
				CLANG_WARN_OBJC_IMPLICIT_RETAIN_SELF = YES;
				CLANG_WARN_OBJC_LITERAL_CONVERSION = YES;
				CLANG_WARN_OBJC_ROOT_CLASS = YES_ERROR;
				CLANG_WARN_QUOTED_INCLUDE_IN_FRAMEWORK_HEADER = YES;
				CLANG_WARN_RANGE_LOOP_ANALYSIS = YES;
				CLANG_WARN_STRICT_PROTOTYPES = YES;
				CLANG_WARN_SUSPICIOUS_MOVE = YES;
				CLANG_WARN_UNGUARDED_AVAILABILITY = YES_AGGRESSIVE;
				CLANG_WARN_UNREACHABLE_CODE = YES;
				CLANG_WARN__DUPLICATE_METHOD_MATCH = YES;
				COPY_PHASE_STRIP = NO;
				DEBUG_INFORMATION_FORMAT = dwarf;
				ENABLE_STRICT_OBJC_MSGSEND = YES;
				ENABLE_TESTABILITY = YES;
				GCC_C_LANGUAGE_STANDARD = gnu11;
				GCC_DYNAMIC_NO_PIC = NO;
				GCC_NO_COMMON_BLOCKS = YES;
				GCC_OPTIMIZATION_LEVEL = 0;
				GCC_PREPROCESSOR_DEFINITIONS = (
					"DEBUG=1",
					"$(inherited)",
				);
				GCC_WARN_64_TO_32_BIT_CONVERSION = YES;
				GCC_WARN_ABOUT_RETURN_TYPE = YES_ERROR;
				GCC_WARN_UNDECLARED_SELECTOR = YES;
				GCC_WARN_UNINITIALIZED_AUTOS = YES_AGGRESSIVE;
				GCC_WARN_UNUSED_FUNCTION = YES;
				GCC_WARN_UNUSED_VARIABLE = YES;
				MACOSX_DEPLOYMENT_TARGET = 12.3;
				MTL_ENABLE_DEBUG_INFO = INCLUDE_SOURCE;
				MTL_FAST_MATH = YES;
				ONLY_ACTIVE_ARCH = YES;
				SDKROOT = macosx;
			};
			name = Debug;
		};
		19CEDA1428F0B3CB0004CFD4 /* Release */ = {
			isa = XCBuildConfiguration;
			buildSettings = {
				ALWAYS_SEARCH_USER_PATHS = NO;
				CLANG_ANALYZER_NONNULL = YES;
				CLANG_ANALYZER_NUMBER_OBJECT_CONVERSION = YES_AGGRESSIVE;
				CLANG_CXX_LANGUAGE_STANDARD = "gnu++20";
				CLANG_ENABLE_MODULES = YES;
				CLANG_ENABLE_OBJC_ARC = YES;
				CLANG_ENABLE_OBJC_WEAK = YES;
				CLANG_WARN_BLOCK_CAPTURE_AUTORELEASING = YES;
				CLANG_WARN_BOOL_CONVERSION = YES;
				CLANG_WARN_COMMA = YES;
				CLANG_WARN_CONSTANT_CONVERSION = YES;
				CLANG_WARN_DEPRECATED_OBJC_IMPLEMENTATIONS = YES;
				CLANG_WARN_DIRECT_OBJC_ISA_USAGE = YES_ERROR;
				CLANG_WARN_DOCUMENTATION_COMMENTS = YES;
				CLANG_WARN_EMPTY_BODY = YES;
				CLANG_WARN_ENUM_CONVERSION = YES;
				CLANG_WARN_INFINITE_RECURSION = YES;
				CLANG_WARN_INT_CONVERSION = YES;
				CLANG_WARN_NON_LITERAL_NULL_CONVERSION = YES;
				CLANG_WARN_OBJC_IMPLICIT_RETAIN_SELF = YES;
				CLANG_WARN_OBJC_LITERAL_CONVERSION = YES;
				CLANG_WARN_OBJC_ROOT_CLASS = YES_ERROR;
				CLANG_WARN_QUOTED_INCLUDE_IN_FRAMEWORK_HEADER = YES;
				CLANG_WARN_RANGE_LOOP_ANALYSIS = YES;
				CLANG_WARN_STRICT_PROTOTYPES = YES;
				CLANG_WARN_SUSPICIOUS_MOVE = YES;
				CLANG_WARN_UNGUARDED_AVAILABILITY = YES_AGGRESSIVE;
				CLANG_WARN_UNREACHABLE_CODE = YES;
				CLANG_WARN__DUPLICATE_METHOD_MATCH = YES;
				COPY_PHASE_STRIP = NO;
				DEBUG_INFORMATION_FORMAT = "dwarf-with-dsym";
				ENABLE_NS_ASSERTIONS = NO;
				ENABLE_STRICT_OBJC_MSGSEND = YES;
				GCC_C_LANGUAGE_STANDARD = gnu11;
				GCC_NO_COMMON_BLOCKS = YES;
				GCC_WARN_64_TO_32_BIT_CONVERSION = YES;
				GCC_WARN_ABOUT_RETURN_TYPE = YES_ERROR;
				GCC_WARN_UNDECLARED_SELECTOR = YES;
				GCC_WARN_UNINITIALIZED_AUTOS = YES_AGGRESSIVE;
				GCC_WARN_UNUSED_FUNCTION = YES;
				GCC_WARN_UNUSED_VARIABLE = YES;
				MACOSX_DEPLOYMENT_TARGET = 12.3;
				MTL_ENABLE_DEBUG_INFO = NO;
				MTL_FAST_MATH = YES;
				SDKROOT = macosx;
			};
			name = Release;
		};
		19CEDA1628F0B3CB0004CFD4 /* Debug */ = {
			isa = XCBuildConfiguration;
			buildSettings = {
				CODE_SIGN_STYLE = Automatic;
				PRODUCT_NAME = "$(TARGET_NAME)";
			};
			name = Debug;
		};
		19CEDA1728F0B3CB0004CFD4 /* Release */ = {
			isa = XCBuildConfiguration;
			buildSettings = {
				CODE_SIGN_STYLE = Automatic;
				PRODUCT_NAME = "$(TARGET_NAME)";
			};
			name = Release;
		};
/* End XCBuildConfiguration section */

/* Begin XCConfigurationList section */
		19CEDA0928F0B3CB0004CFD4 /* Build configuration list for PBXProject "Assignment 2 peno" */ = {
			isa = XCConfigurationList;
			buildConfigurations = (
				19CEDA1328F0B3CB0004CFD4 /* Debug */,
				19CEDA1428F0B3CB0004CFD4 /* Release */,
			);
			defaultConfigurationIsVisible = 0;
			defaultConfigurationName = Release;
		};
		19CEDA1528F0B3CB0004CFD4 /* Build configuration list for PBXNativeTarget "Assignment 2 peno" */ = {
			isa = XCConfigurationList;
			buildConfigurations = (
				19CEDA1628F0B3CB0004CFD4 /* Debug */,
				19CEDA1728F0B3CB0004CFD4 /* Release */,
			);
			defaultConfigurationIsVisible = 0;
			defaultConfigurationName = Release;
		};
/* End XCConfigurationList section */
	};
	rootObject = 19CEDA0628F0B3CB0004CFD4 /* Project object */;
}
